{
  "version": 4,
  "terraform_version": "1.5.7",
  "serial": 55,
  "lineage": "3334f5a4-8a4d-b2bf-3bfb-e8310573e5dd",
  "outputs": {
    "repo_name": {
      "value": "tera_git",
      "type": "string"
    }
  },
  "resources": [
    {
      "mode": "managed",
      "type": "github_repository",
      "name": "first_repo",
      "provider": "provider[\"registry.terraform.io/hashicorp/github\"]",
      "instances": [
        {
          "schema_version": 1,
          "attributes": {
            "allow_auto_merge": false,
            "allow_merge_commit": true,
            "allow_rebase_merge": true,
            "allow_squash_merge": true,
            "allow_update_branch": false,
            "archive_on_destroy": null,
            "archived": false,
            "auto_init": true,
            "default_branch": "main",
            "delete_branch_on_merge": false,
            "description": "Gitrepo created from terraform",
            "etag": "W/\"45cdf1d3ba8840f6a81c66a5003b6583e5e12a447a50a130c7f7d20ef77e0882\"",
            "full_name": "vinayakasb/tera_git",
            "git_clone_url": "git://github.com/vinayakasb/tera_git.git",
            "gitignore_template": null,
            "has_discussions": false,
            "has_downloads": false,
            "has_issues": false,
            "has_projects": false,
            "has_wiki": false,
            "homepage_url": "",
            "html_url": "https://github.com/vinayakasb/tera_git",
            "http_clone_url": "https://github.com/vinayakasb/tera_git.git",
            "id": "tera_git",
            "ignore_vulnerability_alerts_during_read": null,
            "is_template": false,
            "license_template": null,
            "merge_commit_message": "PR_TITLE",
            "merge_commit_title": "MERGE_MESSAGE",
            "name": "tera_git",
            "node_id": "R_kgDOMVlRTg",
            "pages": [],
            "primary_language": "",
            "private": false,
            "repo_id": 827937102,
            "security_and_analysis": [
              {
                "advanced_security": [],
                "secret_scanning": [
                  {
                    "status": "enabled"
                  }
                ],
                "secret_scanning_push_protection": [
                  {
                    "status": "enabled"
                  }
                ]
              }
            ],
            "squash_merge_commit_message": "COMMIT_MESSAGES",
            "squash_merge_commit_title": "COMMIT_OR_PR_TITLE",
            "ssh_clone_url": "git@github.com:vinayakasb/tera_git.git",
            "svn_url": "https://github.com/vinayakasb/tera_git",
            "template": [],
            "topics": [],
            "visibility": "public",
            "vulnerability_alerts": false,
            "web_commit_signoff_required": false
          },
          "sensitive_attributes": [],
          "private": "eyJzY2hlbWFfdmVyc2lvbiI6IjEifQ=="
        }
      ]
    }
  ],
  "check_results": null
}
